
Microsoft Visual Studio Solution File, Format Version 12.00
# Visual Studio Version 17
VisualStudioVersion = 17.3.32929.385
MinimumVisualStudioVersion = 10.0.40219.1
Project("{FAE04EC0-301F-11D3-BF4B-00C04F79EFBC}") = "Resturent", "Resturent\Resturent.csproj", "{164B3594-FF55-4945-8BB7-D99808284763}"
EndProject
Global
	GlobalSection(SolutionConfigurationPlatforms) = preSolution
		Debug|Any CPU = Debug|Any CPU
		Release|Any CPU = Release|Any CPU
	EndGlobalSection
	GlobalSection(ProjectConfigurationPlatforms) = postSolution
		{164B3594-FF55-4945-8BB7-D99808284763}.Debug|Any CPU.ActiveCfg = Debug|Any CPU
		{164B3594-FF55-4945-8BB7-D99808284763}.Debug|Any CPU.Build.0 = Debug|Any CPU
		{164B3594-FF55-4945-8BB7-D99808284763}.Release|Any CPU.ActiveCfg = Release|Any CPU
		{164B3594-FF55-4945-8BB7-D99808284763}.Release|Any CPU.Build.0 = Release|Any CPU
	EndGlobalSection
	GlobalSection(SolutionProperties) = preSolution
		HideSolutionNode = FALSE
	EndGlobalSection
	GlobalSection(ExtensibilityGlobals) = postSolution
		SolutionGuid = {A000A724-6359-45FF-9418-AEB6F4F30F70}
	EndGlobalSection
EndGlobal
